
Microsoft Visual Studio Solution File, Format Version 12.00
# Visual Studio Version 17
VisualStudioVersion = 17.3.32901.215
MinimumVisualStudioVersion = 10.0.40219.1
Project("{888888A0-9F3D-457C-B088-3A5042F75D52}") = "Repetion uppgift 4", "Repetion uppgift 4\Repetion uppgift 4.pyproj", "{AF5554FC-8A24-4B04-AC2C-140744998146}"
EndProject
Global
	GlobalSection(SolutionConfigurationPlatforms) = preSolution
		Debug|Any CPU = Debug|Any CPU
		Release|Any CPU = Release|Any CPU
	EndGlobalSection
	GlobalSection(ProjectConfigurationPlatforms) = postSolution
		{AF5554FC-8A24-4B04-AC2C-140744998146}.Debug|Any CPU.ActiveCfg = Debug|Any CPU
		{AF5554FC-8A24-4B04-AC2C-140744998146}.Release|Any CPU.ActiveCfg = Release|Any CPU
	EndGlobalSection
	GlobalSection(SolutionProperties) = preSolution
		HideSolutionNode = FALSE
	EndGlobalSection
	GlobalSection(ExtensibilityGlobals) = postSolution
		SolutionGuid = {20D9A631-A932-4A35-A0EE-931D5A70EBC8}
	EndGlobalSection
EndGlobal
